// !$*UTF8*$!
{
	archiveVersion = 1;
	classes = {
	};
	objectVersion = 50;
	objects = {

/* Begin PBXBuildFile section */
		557869236FD3F57D10374256 /* Pods_AltayerCSTests.framework in Frameworks */ = {isa = PBXBuildFile; fileRef = D5246BEF65F48F62443145BB /* Pods_AltayerCSTests.framework */; };
		6DC150CF5726008568B0BEBB /* Pods_AltayerCSUITests.framework in Frameworks */ = {isa = PBXBuildFile; fileRef = 64430B7A9C1DD6019C6D5AF9 /* Pods_AltayerCSUITests.framework */; };
		881C9E002159758000893E8C /* Extensions.swift in Sources */ = {isa = PBXBuildFile; fileRef = 881C9DFF2159758000893E8C /* Extensions.swift */; };
		881C9E02215A75F600893E8C /* ProductsViewModelTests.swift in Sources */ = {isa = PBXBuildFile; fileRef = 881C9E01215A75F600893E8C /* ProductsViewModelTests.swift */; };
		881C9E04215A868600893E8C /* BadgeModel.swift in Sources */ = {isa = PBXBuildFile; fileRef = 881C9E03215A868600893E8C /* BadgeModel.swift */; };
		881C9E07215AC34B00893E8C /* PDImageTableViewCell.xib in Resources */ = {isa = PBXBuildFile; fileRef = 881C9E06215AC34B00893E8C /* PDImageTableViewCell.xib */; };
		881C9E09215AC35100893E8C /* PDImageTableViewCell.swift in Sources */ = {isa = PBXBuildFile; fileRef = 881C9E08215AC35100893E8C /* PDImageTableViewCell.swift */; };
		881C9E0D215AC51F00893E8C /* PDDescriptionTableViewCell.xib in Resources */ = {isa = PBXBuildFile; fileRef = 881C9E0C215AC51F00893E8C /* PDDescriptionTableViewCell.xib */; };
		881C9E0F215AC53400893E8C /* PDDescriptionTableViewCell.swift in Sources */ = {isa = PBXBuildFile; fileRef = 881C9E0E215AC53400893E8C /* PDDescriptionTableViewCell.swift */; };
		881C9E13215ACA5200893E8C /* PDConfigAttributesTableViewCell.xib in Resources */ = {isa = PBXBuildFile; fileRef = 881C9E12215ACA5200893E8C /* PDConfigAttributesTableViewCell.xib */; };
		881C9E15215ACA5900893E8C /* PDConfigAttributesTableViewCell.swift in Sources */ = {isa = PBXBuildFile; fileRef = 881C9E14215ACA5900893E8C /* PDConfigAttributesTableViewCell.swift */; };
		881C9E17215ACF5600893E8C /* PDAddToBagFooterView.xib in Resources */ = {isa = PBXBuildFile; fileRef = 881C9E16215ACF5600893E8C /* PDAddToBagFooterView.xib */; };
		881C9E19215ACF6F00893E8C /* PDAddToBagFooterView.swift in Sources */ = {isa = PBXBuildFile; fileRef = 881C9E18215ACF6F00893E8C /* PDAddToBagFooterView.swift */; };
		881C9E1B215AD32A00893E8C /* BaseView.swift in Sources */ = {isa = PBXBuildFile; fileRef = 881C9E1A215AD32A00893E8C /* BaseView.swift */; };
		881C9E1D215AD44100893E8C /* ProductDetailViewModel.swift in Sources */ = {isa = PBXBuildFile; fileRef = 881C9E1C215AD44100893E8C /* ProductDetailViewModel.swift */; };
		881C9E4C215AF0D500893E8C /* PDConfigSelectionView.xib in Resources */ = {isa = PBXBuildFile; fileRef = 881C9E4B215AF0D500893E8C /* PDConfigSelectionView.xib */; };
		881C9E4E215AF0E200893E8C /* PDConfigSelectionView.swift in Sources */ = {isa = PBXBuildFile; fileRef = 881C9E4D215AF0E200893E8C /* PDConfigSelectionView.swift */; };
		881C9E51215B09DA00893E8C /* PDConfigColorTableViewCell.xib in Resources */ = {isa = PBXBuildFile; fileRef = 881C9E50215B09DA00893E8C /* PDConfigColorTableViewCell.xib */; };
		881C9E53215B09E400893E8C /* PDConfigColorTableViewCell.swift in Sources */ = {isa = PBXBuildFile; fileRef = 881C9E52215B09E400893E8C /* PDConfigColorTableViewCell.swift */; };
		881C9E56215B0E9200893E8C /* PDConfigColorCollectionViewCell.xib in Resources */ = {isa = PBXBuildFile; fileRef = 881C9E55215B0E9200893E8C /* PDConfigColorCollectionViewCell.xib */; };
		881C9E58215B0EA000893E8C /* PDConfigColorCollectionViewCell.swift in Sources */ = {isa = PBXBuildFile; fileRef = 881C9E57215B0EA000893E8C /* PDConfigColorCollectionViewCell.swift */; };
		889E4EE9215920240052CC86 /* AppDelegate.swift in Sources */ = {isa = PBXBuildFile; fileRef = 889E4EE8215920240052CC86 /* AppDelegate.swift */; };
		889E4EEB215920240052CC86 /* BaseViewController.swift in Sources */ = {isa = PBXBuildFile; fileRef = 889E4EEA215920240052CC86 /* BaseViewController.swift */; };
		889E4EEE215920240052CC86 /* Main.storyboard in Resources */ = {isa = PBXBuildFile; fileRef = 889E4EEC215920240052CC86 /* Main.storyboard */; };
		889E4EF0215920250052CC86 /* Assets.xcassets in Resources */ = {isa = PBXBuildFile; fileRef = 889E4EEF215920250052CC86 /* Assets.xcassets */; };
		889E4EF3215920250052CC86 /* LaunchScreen.storyboard in Resources */ = {isa = PBXBuildFile; fileRef = 889E4EF1215920250052CC86 /* LaunchScreen.storyboard */; };
		889E4EFE215920260052CC86 /* AltayerCSTests.swift in Sources */ = {isa = PBXBuildFile; fileRef = 889E4EFD215920260052CC86 /* AltayerCSTests.swift */; };
		889E4F09215920260052CC86 /* AltayerCSUITests.swift in Sources */ = {isa = PBXBuildFile; fileRef = 889E4F08215920260052CC86 /* AltayerCSUITests.swift */; };
		889E4F1C2159226E0052CC86 /* ProductsViewController.swift in Sources */ = {isa = PBXBuildFile; fileRef = 889E4F1B2159226E0052CC86 /* ProductsViewController.swift */; };
		889E4F1E2159227B0052CC86 /* ProductDetailViewController.swift in Sources */ = {isa = PBXBuildFile; fileRef = 889E4F1D2159227B0052CC86 /* ProductDetailViewController.swift */; };
		889E4F21215923B60052CC86 /* ProductsViewModel.swift in Sources */ = {isa = PBXBuildFile; fileRef = 889E4F20215923B60052CC86 /* ProductsViewModel.swift */; };
		889E4F2721592DF10052CC86 /* BaseRequest.swift in Sources */ = {isa = PBXBuildFile; fileRef = 889E4F2621592DF10052CC86 /* BaseRequest.swift */; };
		889E4F29215932780052CC86 /* BaseResponse.swift in Sources */ = {isa = PBXBuildFile; fileRef = 889E4F28215932780052CC86 /* BaseResponse.swift */; };
		889E4F2E21593F6A0052CC86 /* Config.swift in Sources */ = {isa = PBXBuildFile; fileRef = 889E4F2D21593F6A0052CC86 /* Config.swift */; };
		889E4F302159447C0052CC86 /* ProductsRequest.swift in Sources */ = {isa = PBXBuildFile; fileRef = 889E4F2F2159447C0052CC86 /* ProductsRequest.swift */; };
		889E4F32215945230052CC86 /* ProductsDataService.swift in Sources */ = {isa = PBXBuildFile; fileRef = 889E4F31215945230052CC86 /* ProductsDataService.swift */; };
		889E4F3421594F920052CC86 /* ProductsResponse.swift in Sources */ = {isa = PBXBuildFile; fileRef = 889E4F3321594F920052CC86 /* ProductsResponse.swift */; };
		889E4F362159537E0052CC86 /* ProductResponseModel.swift in Sources */ = {isa = PBXBuildFile; fileRef = 889E4F352159537E0052CC86 /* ProductResponseModel.swift */; };
		889E4F38215953AB0052CC86 /* BaseModel.swift in Sources */ = {isa = PBXBuildFile; fileRef = 889E4F37215953AB0052CC86 /* BaseModel.swift */; };
		889E4F3A215953C30052CC86 /* PaginationModel.swift in Sources */ = {isa = PBXBuildFile; fileRef = 889E4F39215953C30052CC86 /* PaginationModel.swift */; };
		889E4F3C21595FCD0052CC86 /* MediaModel.swift in Sources */ = {isa = PBXBuildFile; fileRef = 889E4F3B21595FCD0052CC86 /* MediaModel.swift */; };
		889E4F3E215961CD0052CC86 /* StockModel.swift in Sources */ = {isa = PBXBuildFile; fileRef = 889E4F3D215961CD0052CC86 /* StockModel.swift */; };
		889E4F402159626B0052CC86 /* ConfigurableAttributeModel.swift in Sources */ = {isa = PBXBuildFile; fileRef = 889E4F3F2159626B0052CC86 /* ConfigurableAttributeModel.swift */; };
		889E4F42215962C10052CC86 /* OptionModel.swift in Sources */ = {isa = PBXBuildFile; fileRef = 889E4F41215962C10052CC86 /* OptionModel.swift */; };
		889E4F44215963270052CC86 /* AttributeSpecificPropertiesModel.swift in Sources */ = {isa = PBXBuildFile; fileRef = 889E4F43215963270052CC86 /* AttributeSpecificPropertiesModel.swift */; };
		889E4F46215966B00052CC86 /* CarouselModel.swift in Sources */ = {isa = PBXBuildFile; fileRef = 889E4F45215966B00052CC86 /* CarouselModel.swift */; };
		889E4F49215970320052CC86 /* ProductCollectionViewCell.xib in Resources */ = {isa = PBXBuildFile; fileRef = 889E4F48215970320052CC86 /* ProductCollectionViewCell.xib */; };
		889E4F4B215970440052CC86 /* ProductCollectionViewCell.swift in Sources */ = {isa = PBXBuildFile; fileRef = 889E4F4A215970440052CC86 /* ProductCollectionViewCell.swift */; };
		88E6F277215B1AE100748B9F /* PDConfigSizeTableViewCell.xib in Resources */ = {isa = PBXBuildFile; fileRef = 88E6F276215B1AE100748B9F /* PDConfigSizeTableViewCell.xib */; };
		88E6F279215B1AF800748B9F /* PDConfigSizeTableViewCell.swift in Sources */ = {isa = PBXBuildFile; fileRef = 88E6F278215B1AF800748B9F /* PDConfigSizeTableViewCell.swift */; };
		88E6F27C215B1BE100748B9F /* PDConfigSizeCollectionViewCell.xib in Resources */ = {isa = PBXBuildFile; fileRef = 88E6F27B215B1BE100748B9F /* PDConfigSizeCollectionViewCell.xib */; };
		88E6F27E215B1BF100748B9F /* PDConfigSizeCollectionViewCell.swift in Sources */ = {isa = PBXBuildFile; fileRef = 88E6F27D215B1BF100748B9F /* PDConfigSizeCollectionViewCell.swift */; };
		88E6F280215B28A700748B9F /* ProductRequest.swift in Sources */ = {isa = PBXBuildFile; fileRef = 88E6F27F215B28A700748B9F /* ProductRequest.swift */; };
		88E6F283215B35EC00748B9F /* PDAttributeTableViewCell.xib in Resources */ = {isa = PBXBuildFile; fileRef = 88E6F282215B35EC00748B9F /* PDAttributeTableViewCell.xib */; };
		88E6F285215B35F300748B9F /* PDAttributeTableViewCell.swift in Sources */ = {isa = PBXBuildFile; fileRef = 88E6F284215B35F300748B9F /* PDAttributeTableViewCell.swift */; };
		88E6F287215B36B200748B9F /* AttributeModel.swift in Sources */ = {isa = PBXBuildFile; fileRef = 88E6F286215B36B200748B9F /* AttributeModel.swift */; };
		BBDF0D9A759523323A3827B7 /* Pods_AltayerCS.framework in Frameworks */ = {isa = PBXBuildFile; fileRef = 6E7F8AF9ED6C3AF1AFFD66EC /* Pods_AltayerCS.framework */; };
/* End PBXBuildFile section */

/* Begin PBXContainerItemProxy section */
		889E4EFA215920260052CC86 /* PBXContainerItemProxy */ = {
			isa = PBXContainerItemProxy;
			containerPortal = 889E4EDD215920240052CC86 /* Project object */;
			proxyType = 1;
			remoteGlobalIDString = 889E4EE4215920240052CC86;
			remoteInfo = AltayerCS;
		};
		889E4F05215920260052CC86 /* PBXContainerItemProxy */ = {
			isa = PBXContainerItemProxy;
			containerPortal = 889E4EDD215920240052CC86 /* Project object */;
			proxyType = 1;
			remoteGlobalIDString = 889E4EE4215920240052CC86;
			remoteInfo = AltayerCS;
		};
/* End PBXContainerItemProxy section */

/* Begin PBXFileReference section */
		35E361654E5CDDB676CF10F1 /* Pods-AltayerCSUITests.debug.xcconfig */ = {isa = PBXFileReference; includeInIndex = 1; lastKnownFileType = text.xcconfig; name = "Pods-AltayerCSUITests.debug.xcconfig"; path = "Pods/Target Support Files/Pods-AltayerCSUITests/Pods-AltayerCSUITests.debug.xcconfig"; sourceTree = "<group>"; };
		3ACE61BD0BD254EAA24348C8 /* Pods-AltayerCS.debug.xcconfig */ = {isa = PBXFileReference; includeInIndex = 1; lastKnownFileType = text.xcconfig; name = "Pods-AltayerCS.debug.xcconfig"; path = "Pods/Target Support Files/Pods-AltayerCS/Pods-AltayerCS.debug.xcconfig"; sourceTree = "<group>"; };
		42EAA723925ADE45C4EC64D4 /* Pods-AltayerCSTests.release.xcconfig */ = {isa = PBXFileReference; includeInIndex = 1; lastKnownFileType = text.xcconfig; name = "Pods-AltayerCSTests.release.xcconfig"; path = "Pods/Target Support Files/Pods-AltayerCSTests/Pods-AltayerCSTests.release.xcconfig"; sourceTree = "<group>"; };
		64430B7A9C1DD6019C6D5AF9 /* Pods_AltayerCSUITests.framework */ = {isa = PBXFileReference; explicitFileType = wrapper.framework; includeInIndex = 0; path = Pods_AltayerCSUITests.framework; sourceTree = BUILT_PRODUCTS_DIR; };
		6E7F8AF9ED6C3AF1AFFD66EC /* Pods_AltayerCS.framework */ = {isa = PBXFileReference; explicitFileType = wrapper.framework; includeInIndex = 0; path = Pods_AltayerCS.framework; sourceTree = BUILT_PRODUCTS_DIR; };
		881C9DFF2159758000893E8C /* Extensions.swift */ = {isa = PBXFileReference; lastKnownFileType = sourcecode.swift; path = Extensions.swift; sourceTree = "<group>"; };
		881C9E01215A75F600893E8C /* ProductsViewModelTests.swift */ = {isa = PBXFileReference; lastKnownFileType = sourcecode.swift; path = ProductsViewModelTests.swift; sourceTree = "<group>"; };
		881C9E03215A868600893E8C /* BadgeModel.swift */ = {isa = PBXFileReference; lastKnownFileType = sourcecode.swift; path = BadgeModel.swift; sourceTree = "<group>"; };
		881C9E06215AC34B00893E8C /* PDImageTableViewCell.xib */ = {isa = PBXFileReference; lastKnownFileType = file.xib; path = PDImageTableViewCell.xib; sourceTree = "<group>"; };
		881C9E08215AC35100893E8C /* PDImageTableViewCell.swift */ = {isa = PBXFileReference; lastKnownFileType = sourcecode.swift; path = PDImageTableViewCell.swift; sourceTree = "<group>"; };
		881C9E0C215AC51F00893E8C /* PDDescriptionTableViewCell.xib */ = {isa = PBXFileReference; lastKnownFileType = file.xib; path = PDDescriptionTableViewCell.xib; sourceTree = "<group>"; };
		881C9E0E215AC53400893E8C /* PDDescriptionTableViewCell.swift */ = {isa = PBXFileReference; lastKnownFileType = sourcecode.swift; path = PDDescriptionTableViewCell.swift; sourceTree = "<group>"; };
		881C9E12215ACA5200893E8C /* PDConfigAttributesTableViewCell.xib */ = {isa = PBXFileReference; lastKnownFileType = file.xib; path = PDConfigAttributesTableViewCell.xib; sourceTree = "<group>"; };
		881C9E14215ACA5900893E8C /* PDConfigAttributesTableViewCell.swift */ = {isa = PBXFileReference; lastKnownFileType = sourcecode.swift; path = PDConfigAttributesTableViewCell.swift; sourceTree = "<group>"; };
		881C9E16215ACF5600893E8C /* PDAddToBagFooterView.xib */ = {isa = PBXFileReference; lastKnownFileType = file.xib; path = PDAddToBagFooterView.xib; sourceTree = "<group>"; };
		881C9E18215ACF6F00893E8C /* PDAddToBagFooterView.swift */ = {isa = PBXFileReference; lastKnownFileType = sourcecode.swift; path = PDAddToBagFooterView.swift; sourceTree = "<group>"; };
		881C9E1A215AD32A00893E8C /* BaseView.swift */ = {isa = PBXFileReference; lastKnownFileType = sourcecode.swift; path = BaseView.swift; sourceTree = "<group>"; };
		881C9E1C215AD44100893E8C /* ProductDetailViewModel.swift */ = {isa = PBXFileReference; lastKnownFileType = sourcecode.swift; path = ProductDetailViewModel.swift; sourceTree = "<group>"; };
		881C9E4B215AF0D500893E8C /* PDConfigSelectionView.xib */ = {isa = PBXFileReference; lastKnownFileType = file.xib; path = PDConfigSelectionView.xib; sourceTree = "<group>"; };
		881C9E4D215AF0E200893E8C /* PDConfigSelectionView.swift */ = {isa = PBXFileReference; lastKnownFileType = sourcecode.swift; path = PDConfigSelectionView.swift; sourceTree = "<group>"; };
		881C9E50215B09DA00893E8C /* PDConfigColorTableViewCell.xib */ = {isa = PBXFileReference; lastKnownFileType = file.xib; path = PDConfigColorTableViewCell.xib; sourceTree = "<group>"; };
		881C9E52215B09E400893E8C /* PDConfigColorTableViewCell.swift */ = {isa = PBXFileReference; lastKnownFileType = sourcecode.swift; path = PDConfigColorTableViewCell.swift; sourceTree = "<group>"; };
		881C9E55215B0E9200893E8C /* PDConfigColorCollectionViewCell.xib */ = {isa = PBXFileReference; lastKnownFileType = file.xib; path = PDConfigColorCollectionViewCell.xib; sourceTree = "<group>"; };
		881C9E57215B0EA000893E8C /* PDConfigColorCollectionViewCell.swift */ = {isa = PBXFileReference; lastKnownFileType = sourcecode.swift; path = PDConfigColorCollectionViewCell.swift; sourceTree = "<group>"; };
		889E4EE5215920240052CC86 /* AltayerCS.app */ = {isa = PBXFileReference; explicitFileType = wrapper.application; includeInIndex = 0; path = AltayerCS.app; sourceTree = BUILT_PRODUCTS_DIR; };
		889E4EE8215920240052CC86 /* AppDelegate.swift */ = {isa = PBXFileReference; lastKnownFileType = sourcecode.swift; path = AppDelegate.swift; sourceTree = "<group>"; };
		889E4EEA215920240052CC86 /* BaseViewController.swift */ = {isa = PBXFileReference; lastKnownFileType = sourcecode.swift; path = BaseViewController.swift; sourceTree = "<group>"; };
		889E4EED215920240052CC86 /* Base */ = {isa = PBXFileReference; lastKnownFileType = file.storyboard; name = Base; path = Base.lproj/Main.storyboard; sourceTree = "<group>"; };
		889E4EEF215920250052CC86 /* Assets.xcassets */ = {isa = PBXFileReference; lastKnownFileType = folder.assetcatalog; path = Assets.xcassets; sourceTree = "<group>"; };
		889E4EF2215920250052CC86 /* Base */ = {isa = PBXFileReference; lastKnownFileType = file.storyboard; name = Base; path = Base.lproj/LaunchScreen.storyboard; sourceTree = "<group>"; };
		889E4EF4215920250052CC86 /* Info.plist */ = {isa = PBXFileReference; lastKnownFileType = text.plist.xml; path = Info.plist; sourceTree = "<group>"; };
		889E4EF9215920260052CC86 /* AltayerCSTests.xctest */ = {isa = PBXFileReference; explicitFileType = wrapper.cfbundle; includeInIndex = 0; path = AltayerCSTests.xctest; sourceTree = BUILT_PRODUCTS_DIR; };
		889E4EFD215920260052CC86 /* AltayerCSTests.swift */ = {isa = PBXFileReference; lastKnownFileType = sourcecode.swift; path = AltayerCSTests.swift; sourceTree = "<group>"; };
		889E4EFF215920260052CC86 /* Info.plist */ = {isa = PBXFileReference; lastKnownFileType = text.plist.xml; path = Info.plist; sourceTree = "<group>"; };
		889E4F04215920260052CC86 /* AltayerCSUITests.xctest */ = {isa = PBXFileReference; explicitFileType = wrapper.cfbundle; includeInIndex = 0; path = AltayerCSUITests.xctest; sourceTree = BUILT_PRODUCTS_DIR; };
		889E4F08215920260052CC86 /* AltayerCSUITests.swift */ = {isa = PBXFileReference; lastKnownFileType = sourcecode.swift; path = AltayerCSUITests.swift; sourceTree = "<group>"; };
		889E4F0A215920260052CC86 /* Info.plist */ = {isa = PBXFileReference; lastKnownFileType = text.plist.xml; path = Info.plist; sourceTree = "<group>"; };
		889E4F1B2159226E0052CC86 /* ProductsViewController.swift */ = {isa = PBXFileReference; lastKnownFileType = sourcecode.swift; path = ProductsViewController.swift; sourceTree = "<group>"; };
		889E4F1D2159227B0052CC86 /* ProductDetailViewController.swift */ = {isa = PBXFileReference; lastKnownFileType = sourcecode.swift; path = ProductDetailViewController.swift; sourceTree = "<group>"; };
		889E4F20215923B60052CC86 /* ProductsViewModel.swift */ = {isa = PBXFileReference; lastKnownFileType = sourcecode.swift; path = ProductsViewModel.swift; sourceTree = "<group>"; };
		889E4F2621592DF10052CC86 /* BaseRequest.swift */ = {isa = PBXFileReference; lastKnownFileType = sourcecode.swift; path = BaseRequest.swift; sourceTree = "<group>"; };
		889E4F28215932780052CC86 /* BaseResponse.swift */ = {isa = PBXFileReference; lastKnownFileType = sourcecode.swift; path = BaseResponse.swift; sourceTree = "<group>"; };
		889E4F2D21593F6A0052CC86 /* Config.swift */ = {isa = PBXFileReference; lastKnownFileType = sourcecode.swift; path = Config.swift; sourceTree = "<group>"; };
		889E4F2F2159447C0052CC86 /* ProductsRequest.swift */ = {isa = PBXFileReference; lastKnownFileType = sourcecode.swift; path = ProductsRequest.swift; sourceTree = "<group>"; };
		889E4F31215945230052CC86 /* ProductsDataService.swift */ = {isa = PBXFileReference; lastKnownFileType = sourcecode.swift; path = ProductsDataService.swift; sourceTree = "<group>"; };
		889E4F3321594F920052CC86 /* ProductsResponse.swift */ = {isa = PBXFileReference; lastKnownFileType = sourcecode.swift; path = ProductsResponse.swift; sourceTree = "<group>"; };
		889E4F352159537E0052CC86 /* ProductResponseModel.swift */ = {isa = PBXFileReference; lastKnownFileType = sourcecode.swift; path = ProductResponseModel.swift; sourceTree = "<group>"; };
		889E4F37215953AB0052CC86 /* BaseModel.swift */ = {isa = PBXFileReference; lastKnownFileType = sourcecode.swift; path = BaseModel.swift; sourceTree = "<group>"; };
		889E4F39215953C30052CC86 /* PaginationModel.swift */ = {isa = PBXFileReference; lastKnownFileType = sourcecode.swift; path = PaginationModel.swift; sourceTree = "<group>"; };
		889E4F3B21595FCD0052CC86 /* MediaModel.swift */ = {isa = PBXFileReference; lastKnownFileType = sourcecode.swift; path = MediaModel.swift; sourceTree = "<group>"; };
		889E4F3D215961CD0052CC86 /* StockModel.swift */ = {isa = PBXFileReference; lastKnownFileType = sourcecode.swift; path = StockModel.swift; sourceTree = "<group>"; };
		889E4F3F2159626B0052CC86 /* ConfigurableAttributeModel.swift */ = {isa = PBXFileReference; lastKnownFileType = sourcecode.swift; path = ConfigurableAttributeModel.swift; sourceTree = "<group>"; };
		889E4F41215962C10052CC86 /* OptionModel.swift */ = {isa = PBXFileReference; lastKnownFileType = sourcecode.swift; path = OptionModel.swift; sourceTree = "<group>"; };
		889E4F43215963270052CC86 /* AttributeSpecificPropertiesModel.swift */ = {isa = PBXFileReference; lastKnownFileType = sourcecode.swift; path = AttributeSpecificPropertiesModel.swift; sourceTree = "<group>"; };
		889E4F45215966B00052CC86 /* CarouselModel.swift */ = {isa = PBXFileReference; lastKnownFileType = sourcecode.swift; path = CarouselModel.swift; sourceTree = "<group>"; };
		889E4F48215970320052CC86 /* ProductCollectionViewCell.xib */ = {isa = PBXFileReference; lastKnownFileType = file.xib; path = ProductCollectionViewCell.xib; sourceTree = "<group>"; };
		889E4F4A215970440052CC86 /* ProductCollectionViewCell.swift */ = {isa = PBXFileReference; lastKnownFileType = sourcecode.swift; path = ProductCollectionViewCell.swift; sourceTree = "<group>"; };
		88E6F276215B1AE100748B9F /* PDConfigSizeTableViewCell.xib */ = {isa = PBXFileReference; lastKnownFileType = file.xib; path = PDConfigSizeTableViewCell.xib; sourceTree = "<group>"; };
		88E6F278215B1AF800748B9F /* PDConfigSizeTableViewCell.swift */ = {isa = PBXFileReference; lastKnownFileType = sourcecode.swift; path = PDConfigSizeTableViewCell.swift; sourceTree = "<group>"; };
		88E6F27B215B1BE100748B9F /* PDConfigSizeCollectionViewCell.xib */ = {isa = PBXFileReference; lastKnownFileType = file.xib; path = PDConfigSizeCollectionViewCell.xib; sourceTree = "<group>"; };
		88E6F27D215B1BF100748B9F /* PDConfigSizeCollectionViewCell.swift */ = {isa = PBXFileReference; lastKnownFileType = sourcecode.swift; path = PDConfigSizeCollectionViewCell.swift; sourceTree = "<group>"; };
		88E6F27F215B28A700748B9F /* ProductRequest.swift */ = {isa = PBXFileReference; lastKnownFileType = sourcecode.swift; path = ProductRequest.swift; sourceTree = "<group>"; };
		88E6F282215B35EC00748B9F /* PDAttributeTableViewCell.xib */ = {isa = PBXFileReference; lastKnownFileType = file.xib; path = PDAttributeTableViewCell.xib; sourceTree = "<group>"; };
		88E6F284215B35F300748B9F /* PDAttributeTableViewCell.swift */ = {isa = PBXFileReference; lastKnownFileType = sourcecode.swift; path = PDAttributeTableViewCell.swift; sourceTree = "<group>"; };
		88E6F286215B36B200748B9F /* AttributeModel.swift */ = {isa = PBXFileReference; lastKnownFileType = sourcecode.swift; path = AttributeModel.swift; sourceTree = "<group>"; };
		A5FBFFE9C6F0237893937291 /* Pods-AltayerCSTests.debug.xcconfig */ = {isa = PBXFileReference; includeInIndex = 1; lastKnownFileType = text.xcconfig; name = "Pods-AltayerCSTests.debug.xcconfig"; path = "Pods/Target Support Files/Pods-AltayerCSTests/Pods-AltayerCSTests.debug.xcconfig"; sourceTree = "<group>"; };
		C432565AB7A3C59FE0F8A9F2 /* Pods-AltayerCS.release.xcconfig */ = {isa = PBXFileReference; includeInIndex = 1; lastKnownFileType = text.xcconfig; name = "Pods-AltayerCS.release.xcconfig"; path = "Pods/Target Support Files/Pods-AltayerCS/Pods-AltayerCS.release.xcconfig"; sourceTree = "<group>"; };
		C5D940ED46CD1DBFB6AF954E /* Pods-AltayerCSUITests.release.xcconfig */ = {isa = PBXFileReference; includeInIndex = 1; lastKnownFileType = text.xcconfig; name = "Pods-AltayerCSUITests.release.xcconfig"; path = "Pods/Target Support Files/Pods-AltayerCSUITests/Pods-AltayerCSUITests.release.xcconfig"; sourceTree = "<group>"; };
		D5246BEF65F48F62443145BB /* Pods_AltayerCSTests.framework */ = {isa = PBXFileReference; explicitFileType = wrapper.framework; includeInIndex = 0; path = Pods_AltayerCSTests.framework; sourceTree = BUILT_PRODUCTS_DIR; };
/* End PBXFileReference section */

/* Begin PBXFrameworksBuildPhase section */
		889E4EE2215920240052CC86 /* Frameworks */ = {
			isa = PBXFrameworksBuildPhase;
			buildActionMask = 2147483647;
			files = (
				BBDF0D9A759523323A3827B7 /* Pods_AltayerCS.framework in Frameworks */,
			);
			runOnlyForDeploymentPostprocessing = 0;
		};
		889E4EF6215920260052CC86 /* Frameworks */ = {
			isa = PBXFrameworksBuildPhase;
			buildActionMask = 2147483647;
			files = (
				557869236FD3F57D10374256 /* Pods_AltayerCSTests.framework in Frameworks */,
			);
			runOnlyForDeploymentPostprocessing = 0;
		};
		889E4F01215920260052CC86 /* Frameworks */ = {
			isa = PBXFrameworksBuildPhase;
			buildActionMask = 2147483647;
			files = (
				6DC150CF5726008568B0BEBB /* Pods_AltayerCSUITests.framework in Frameworks */,
			);
			runOnlyForDeploymentPostprocessing = 0;
		};
/* End PBXFrameworksBuildPhase section */

/* Begin PBXGroup section */
		10E777C7C247DA3714CA2B0C /* Pods */ = {
			isa = PBXGroup;
			children = (
				3ACE61BD0BD254EAA24348C8 /* Pods-AltayerCS.debug.xcconfig */,
				C432565AB7A3C59FE0F8A9F2 /* Pods-AltayerCS.release.xcconfig */,
				A5FBFFE9C6F0237893937291 /* Pods-AltayerCSTests.debug.xcconfig */,
				42EAA723925ADE45C4EC64D4 /* Pods-AltayerCSTests.release.xcconfig */,
				35E361654E5CDDB676CF10F1 /* Pods-AltayerCSUITests.debug.xcconfig */,
				C5D940ED46CD1DBFB6AF954E /* Pods-AltayerCSUITests.release.xcconfig */,
			);
			name = Pods;
			sourceTree = "<group>";
		};
		75E98F4609AF0186F3379D0E /* Frameworks */ = {
			isa = PBXGroup;
			children = (
				6E7F8AF9ED6C3AF1AFFD66EC /* Pods_AltayerCS.framework */,
				D5246BEF65F48F62443145BB /* Pods_AltayerCSTests.framework */,
				64430B7A9C1DD6019C6D5AF9 /* Pods_AltayerCSUITests.framework */,
			);
			name = Frameworks;
			sourceTree = "<group>";
		};
		881C9E05215AC32D00893E8C /* PDImageTableViewCell */ = {
			isa = PBXGroup;
			children = (
				881C9E06215AC34B00893E8C /* PDImageTableViewCell.xib */,
				881C9E08215AC35100893E8C /* PDImageTableViewCell.swift */,
			);
			path = PDImageTableViewCell;
			sourceTree = "<group>";
		};
		881C9E0A215AC4DE00893E8C /* ProductDetail */ = {
			isa = PBXGroup;
			children = (
				881C9E4A215AF0B600893E8C /* PDConfigSelectionView */,
				881C9E05215AC32D00893E8C /* PDImageTableViewCell */,
				881C9E0B215AC4F900893E8C /* PDDescriptionTableViewCell */,
				881C9E10215AC8E500893E8C /* PDConfigAttributesTableViewCell */,
				881C9E11215ACA3000893E8C /* PDAddToBagFooterView */,
				88E6F281215B35D300748B9F /* PDAttributeTableViewCell */,
			);
			path = ProductDetail;
			sourceTree = "<group>";
		};
		881C9E0B215AC4F900893E8C /* PDDescriptionTableViewCell */ = {
			isa = PBXGroup;
			children = (
				881C9E0C215AC51F00893E8C /* PDDescriptionTableViewCell.xib */,
				881C9E0E215AC53400893E8C /* PDDescriptionTableViewCell.swift */,
			);
			path = PDDescriptionTableViewCell;
			sourceTree = "<group>";
		};
		881C9E10215AC8E500893E8C /* PDConfigAttributesTableViewCell */ = {
			isa = PBXGroup;
			children = (
				881C9E12215ACA5200893E8C /* PDConfigAttributesTableViewCell.xib */,
				881C9E14215ACA5900893E8C /* PDConfigAttributesTableViewCell.swift */,
			);
			path = PDConfigAttributesTableViewCell;
			sourceTree = "<group>";
		};
		881C9E11215ACA3000893E8C /* PDAddToBagFooterView */ = {
			isa = PBXGroup;
			children = (
				881C9E16215ACF5600893E8C /* PDAddToBagFooterView.xib */,
				881C9E18215ACF6F00893E8C /* PDAddToBagFooterView.swift */,
			);
			path = PDAddToBagFooterView;
			sourceTree = "<group>";
		};
		881C9E4A215AF0B600893E8C /* PDConfigSelectionView */ = {
			isa = PBXGroup;
			children = (
				881C9E4B215AF0D500893E8C /* PDConfigSelectionView.xib */,
				881C9E4D215AF0E200893E8C /* PDConfigSelectionView.swift */,
				88E6F275215B1ACB00748B9F /* PDConfigSizeTableViewCell */,
				88E6F27A215B1BC900748B9F /* PDConfigSizeCollectionViewCell */,
				881C9E4F215B09BB00893E8C /* PDConfigColorTableViewCell */,
				881C9E54215B0E7800893E8C /* PDConfigColorCollectionViewCell */,
			);
			path = PDConfigSelectionView;
			sourceTree = "<group>";
		};
		881C9E4F215B09BB00893E8C /* PDConfigColorTableViewCell */ = {
			isa = PBXGroup;
			children = (
				881C9E50215B09DA00893E8C /* PDConfigColorTableViewCell.xib */,
				881C9E52215B09E400893E8C /* PDConfigColorTableViewCell.swift */,
			);
			path = PDConfigColorTableViewCell;
			sourceTree = "<group>";
		};
		881C9E54215B0E7800893E8C /* PDConfigColorCollectionViewCell */ = {
			isa = PBXGroup;
			children = (
				881C9E55215B0E9200893E8C /* PDConfigColorCollectionViewCell.xib */,
				881C9E57215B0EA000893E8C /* PDConfigColorCollectionViewCell.swift */,
			);
			path = PDConfigColorCollectionViewCell;
			sourceTree = "<group>";
		};
		889E4EDC215920240052CC86 = {
			isa = PBXGroup;
			children = (
				889E4EE7215920240052CC86 /* AltayerCS */,
				889E4EFC215920260052CC86 /* AltayerCSTests */,
				889E4F07215920260052CC86 /* AltayerCSUITests */,
				889E4EE6215920240052CC86 /* Products */,
				10E777C7C247DA3714CA2B0C /* Pods */,
				75E98F4609AF0186F3379D0E /* Frameworks */,
			);
			sourceTree = "<group>";
		};
		889E4EE6215920240052CC86 /* Products */ = {
			isa = PBXGroup;
			children = (
				889E4EE5215920240052CC86 /* AltayerCS.app */,
				889E4EF9215920260052CC86 /* AltayerCSTests.xctest */,
				889E4F04215920260052CC86 /* AltayerCSUITests.xctest */,
			);
			name = Products;
			sourceTree = "<group>";
		};
		889E4EE7215920240052CC86 /* AltayerCS */ = {
			isa = PBXGroup;
			children = (
				889E4F2C21593F5F0052CC86 /* Utilities */,
				889E4F18215921D70052CC86 /* Network */,
				889E4F17215921CA0052CC86 /* ViewModels */,
				889E4F1A215921EF0052CC86 /* Storyboards */,
				889E4F19215921E30052CC86 /* ViewControllers */,
				889E4F1F2159236B0052CC86 /* Views */,
				889E4EE8215920240052CC86 /* AppDelegate.swift */,
				889E4EF4215920250052CC86 /* Info.plist */,
				889E4EEF215920250052CC86 /* Assets.xcassets */,
			);
			path = AltayerCS;
			sourceTree = "<group>";
		};
		889E4EFC215920260052CC86 /* AltayerCSTests */ = {
			isa = PBXGroup;
			children = (
				881C9E01215A75F600893E8C /* ProductsViewModelTests.swift */,
				889E4EFD215920260052CC86 /* AltayerCSTests.swift */,
				889E4EFF215920260052CC86 /* Info.plist */,
			);
			path = AltayerCSTests;
			sourceTree = "<group>";
		};
		889E4F07215920260052CC86 /* AltayerCSUITests */ = {
			isa = PBXGroup;
			children = (
				889E4F08215920260052CC86 /* AltayerCSUITests.swift */,
				889E4F0A215920260052CC86 /* Info.plist */,
			);
			path = AltayerCSUITests;
			sourceTree = "<group>";
		};
		889E4F16215920E90052CC86 /* Models */ = {
			isa = PBXGroup;
			children = (
				889E4F222159262A0052CC86 /* Requests */,
				889E4F23215926370052CC86 /* Responses */,
				889E4F242159269B0052CC86 /* Commons */,
			);
			path = Models;
			sourceTree = "<group>";
		};
		889E4F17215921CA0052CC86 /* ViewModels */ = {
			isa = PBXGroup;
			children = (
				889E4F20215923B60052CC86 /* ProductsViewModel.swift */,
				881C9E1C215AD44100893E8C /* ProductDetailViewModel.swift */,
			);
			path = ViewModels;
			sourceTree = "<group>";
		};
		889E4F18215921D70052CC86 /* Network */ = {
			isa = PBXGroup;
			children = (
				889E4F16215920E90052CC86 /* Models */,
				889E4F25215926B20052CC86 /* Services */,
			);
			path = Network;
			sourceTree = "<group>";
		};
		889E4F19215921E30052CC86 /* ViewControllers */ = {
			isa = PBXGroup;
			children = (
				889E4EEA215920240052CC86 /* BaseViewController.swift */,
				889E4F1B2159226E0052CC86 /* ProductsViewController.swift */,
				889E4F1D2159227B0052CC86 /* ProductDetailViewController.swift */,
			);
			path = ViewControllers;
			sourceTree = "<group>";
		};
		889E4F1A215921EF0052CC86 /* Storyboards */ = {
			isa = PBXGroup;
			children = (
				889E4EF1215920250052CC86 /* LaunchScreen.storyboard */,
				889E4EEC215920240052CC86 /* Main.storyboard */,
			);
			path = Storyboards;
			sourceTree = "<group>";
		};
		889E4F1F2159236B0052CC86 /* Views */ = {
			isa = PBXGroup;
			children = (
				881C9E1A215AD32A00893E8C /* BaseView.swift */,
				889E4F47215970210052CC86 /* ProductCollectionViewCell */,
				881C9E0A215AC4DE00893E8C /* ProductDetail */,
			);
			path = Views;
			sourceTree = "<group>";
		};
		889E4F222159262A0052CC86 /* Requests */ = {
			isa = PBXGroup;
			children = (
				889E4F2621592DF10052CC86 /* BaseRequest.swift */,
				889E4F2F2159447C0052CC86 /* ProductsRequest.swift */,
				88E6F27F215B28A700748B9F /* ProductRequest.swift */,
			);
			path = Requests;
			sourceTree = "<group>";
		};
		889E4F23215926370052CC86 /* Responses */ = {
			isa = PBXGroup;
			children = (
				889E4F28215932780052CC86 /* BaseResponse.swift */,
				889E4F3321594F920052CC86 /* ProductsResponse.swift */,
			);
			path = Responses;
			sourceTree = "<group>";
		};
		889E4F242159269B0052CC86 /* Commons */ = {
			isa = PBXGroup;
			children = (
				889E4F37215953AB0052CC86 /* BaseModel.swift */,
				889E4F352159537E0052CC86 /* ProductResponseModel.swift */,
				889E4F39215953C30052CC86 /* PaginationModel.swift */,
				889E4F3B21595FCD0052CC86 /* MediaModel.swift */,
				889E4F3D215961CD0052CC86 /* StockModel.swift */,
				889E4F3F2159626B0052CC86 /* ConfigurableAttributeModel.swift */,
				88E6F286215B36B200748B9F /* AttributeModel.swift */,
				889E4F41215962C10052CC86 /* OptionModel.swift */,
				889E4F43215963270052CC86 /* AttributeSpecificPropertiesModel.swift */,
				889E4F45215966B00052CC86 /* CarouselModel.swift */,
				881C9E03215A868600893E8C /* BadgeModel.swift */,
			);
			path = Commons;
			sourceTree = "<group>";
		};
		889E4F25215926B20052CC86 /* Services */ = {
			isa = PBXGroup;
			children = (
				889E4F31215945230052CC86 /* ProductsDataService.swift */,
			);
			path = Services;
			sourceTree = "<group>";
		};
		889E4F2C21593F5F0052CC86 /* Utilities */ = {
			isa = PBXGroup;
			children = (
				889E4F2D21593F6A0052CC86 /* Config.swift */,
				881C9DFF2159758000893E8C /* Extensions.swift */,
			);
			path = Utilities;
			sourceTree = "<group>";
		};
		889E4F47215970210052CC86 /* ProductCollectionViewCell */ = {
			isa = PBXGroup;
			children = (
				889E4F48215970320052CC86 /* ProductCollectionViewCell.xib */,
				889E4F4A215970440052CC86 /* ProductCollectionViewCell.swift */,
			);
			path = ProductCollectionViewCell;
			sourceTree = "<group>";
		};
		88E6F275215B1ACB00748B9F /* PDConfigSizeTableViewCell */ = {
			isa = PBXGroup;
			children = (
				88E6F276215B1AE100748B9F /* PDConfigSizeTableViewCell.xib */,
				88E6F278215B1AF800748B9F /* PDConfigSizeTableViewCell.swift */,
			);
			name = PDConfigSizeTableViewCell;
			path = "New Group";
			sourceTree = "<group>";
		};
		88E6F27A215B1BC900748B9F /* PDConfigSizeCollectionViewCell */ = {
			isa = PBXGroup;
			children = (
				88E6F27B215B1BE100748B9F /* PDConfigSizeCollectionViewCell.xib */,
				88E6F27D215B1BF100748B9F /* PDConfigSizeCollectionViewCell.swift */,
			);
			path = PDConfigSizeCollectionViewCell;
			sourceTree = "<group>";
		};
		88E6F281215B35D300748B9F /* PDAttributeTableViewCell */ = {
			isa = PBXGroup;
			children = (
				88E6F282215B35EC00748B9F /* PDAttributeTableViewCell.xib */,
				88E6F284215B35F300748B9F /* PDAttributeTableViewCell.swift */,
			);
			path = PDAttributeTableViewCell;
			sourceTree = "<group>";
		};
/* End PBXGroup section */

/* Begin PBXNativeTarget section */
		889E4EE4215920240052CC86 /* AltayerCS */ = {
			isa = PBXNativeTarget;
			buildConfigurationList = 889E4F0D215920260052CC86 /* Build configuration list for PBXNativeTarget "AltayerCS" */;
			buildPhases = (
				EC566379A845922B0089CBD6 /* [CP] Check Pods Manifest.lock */,
				889E4EE1215920240052CC86 /* Sources */,
				889E4EE2215920240052CC86 /* Frameworks */,
				889E4EE3215920240052CC86 /* Resources */,
				AB5DBC7938DA31A4E859873C /* [CP] Embed Pods Frameworks */,
			);
			buildRules = (
			);
			dependencies = (
			);
			name = AltayerCS;
			productName = AltayerCS;
			productReference = 889E4EE5215920240052CC86 /* AltayerCS.app */;
			productType = "com.apple.product-type.application";
		};
		889E4EF8215920260052CC86 /* AltayerCSTests */ = {
			isa = PBXNativeTarget;
			buildConfigurationList = 889E4F10215920260052CC86 /* Build configuration list for PBXNativeTarget "AltayerCSTests" */;
			buildPhases = (
				61B4DFB56F2C014EC8F33B24 /* [CP] Check Pods Manifest.lock */,
				889E4EF5215920260052CC86 /* Sources */,
				889E4EF6215920260052CC86 /* Frameworks */,
				889E4EF7215920260052CC86 /* Resources */,
			);
			buildRules = (
			);
			dependencies = (
				889E4EFB215920260052CC86 /* PBXTargetDependency */,
			);
			name = AltayerCSTests;
			productName = AltayerCSTests;
			productReference = 889E4EF9215920260052CC86 /* AltayerCSTests.xctest */;
			productType = "com.apple.product-type.bundle.unit-test";
		};
		889E4F03215920260052CC86 /* AltayerCSUITests */ = {
			isa = PBXNativeTarget;
			buildConfigurationList = 889E4F13215920260052CC86 /* Build configuration list for PBXNativeTarget "AltayerCSUITests" */;
			buildPhases = (
				0654E89BE6741498E6BCB9D9 /* [CP] Check Pods Manifest.lock */,
				889E4F00215920260052CC86 /* Sources */,
				889E4F01215920260052CC86 /* Frameworks */,
				889E4F02215920260052CC86 /* Resources */,
			);
			buildRules = (
			);
			dependencies = (
				889E4F06215920260052CC86 /* PBXTargetDependency */,
			);
			name = AltayerCSUITests;
			productName = AltayerCSUITests;
			productReference = 889E4F04215920260052CC86 /* AltayerCSUITests.xctest */;
			productType = "com.apple.product-type.bundle.ui-testing";
		};
/* End PBXNativeTarget section */

/* Begin PBXProject section */
		889E4EDD215920240052CC86 /* Project object */ = {
			isa = PBXProject;
			attributes = {
				LastSwiftUpdateCheck = 1000;
				LastUpgradeCheck = 1000;
				ORGANIZATIONNAME = Miletli;
				TargetAttributes = {
					889E4EE4215920240052CC86 = {
						CreatedOnToolsVersion = 10.0;
					};
					889E4EF8215920260052CC86 = {
						CreatedOnToolsVersion = 10.0;
						TestTargetID = 889E4EE4215920240052CC86;
					};
					889E4F03215920260052CC86 = {
						CreatedOnToolsVersion = 10.0;
						TestTargetID = 889E4EE4215920240052CC86;
					};
				};
			};
			buildConfigurationList = 889E4EE0215920240052CC86 /* Build configuration list for PBXProject "AltayerCS" */;
			compatibilityVersion = "Xcode 9.3";
			developmentRegion = en;
			hasScannedForEncodings = 0;
			knownRegions = (
				en,
				Base,
			);
			mainGroup = 889E4EDC215920240052CC86;
			productRefGroup = 889E4EE6215920240052CC86 /* Products */;
			projectDirPath = "";
			projectRoot = "";
			targets = (
				889E4EE4215920240052CC86 /* AltayerCS */,
				889E4EF8215920260052CC86 /* AltayerCSTests */,
				889E4F03215920260052CC86 /* AltayerCSUITests */,
			);
		};
/* End PBXProject section */

/* Begin PBXResourcesBuildPhase section */
		889E4EE3215920240052CC86 /* Resources */ = {
			isa = PBXResourcesBuildPhase;
			buildActionMask = 2147483647;
			files = (
				889E4EF3215920250052CC86 /* LaunchScreen.storyboard in Resources */,
				881C9E17215ACF5600893E8C /* PDAddToBagFooterView.xib in Resources */,
				88E6F283215B35EC00748B9F /* PDAttributeTableViewCell.xib in Resources */,
				889E4EF0215920250052CC86 /* Assets.xcassets in Resources */,
				881C9E07215AC34B00893E8C /* PDImageTableViewCell.xib in Resources */,
				889E4F49215970320052CC86 /* ProductCollectionViewCell.xib in Resources */,
				881C9E4C215AF0D500893E8C /* PDConfigSelectionView.xib in Resources */,
				881C9E13215ACA5200893E8C /* PDConfigAttributesTableViewCell.xib in Resources */,
				881C9E51215B09DA00893E8C /* PDConfigColorTableViewCell.xib in Resources */,
				881C9E56215B0E9200893E8C /* PDConfigColorCollectionViewCell.xib in Resources */,
				88E6F27C215B1BE100748B9F /* PDConfigSizeCollectionViewCell.xib in Resources */,
				889E4EEE215920240052CC86 /* Main.storyboard in Resources */,
				88E6F277215B1AE100748B9F /* PDConfigSizeTableViewCell.xib in Resources */,
				881C9E0D215AC51F00893E8C /* PDDescriptionTableViewCell.xib in Resources */,
			);
			runOnlyForDeploymentPostprocessing = 0;
		};
		889E4EF7215920260052CC86 /* Resources */ = {
			isa = PBXResourcesBuildPhase;
			buildActionMask = 2147483647;
			files = (
			);
			runOnlyForDeploymentPostprocessing = 0;
		};
		889E4F02215920260052CC86 /* Resources */ = {
			isa = PBXResourcesBuildPhase;
			buildActionMask = 2147483647;
			files = (
			);
			runOnlyForDeploymentPostprocessing = 0;
		};
/* End PBXResourcesBuildPhase section */

/* Begin PBXShellScriptBuildPhase section */
		0654E89BE6741498E6BCB9D9 /* [CP] Check Pods Manifest.lock */ = {
			isa = PBXShellScriptBuildPhase;
			buildActionMask = 2147483647;
			files = (
			);
			inputPaths = (
				"${PODS_PODFILE_DIR_PATH}/Podfile.lock",
				"${PODS_ROOT}/Manifest.lock",
			);
			name = "[CP] Check Pods Manifest.lock";
			outputPaths = (
				"$(DERIVED_FILE_DIR)/Pods-AltayerCSUITests-checkManifestLockResult.txt",
			);
			runOnlyForDeploymentPostprocessing = 0;
			shellPath = /bin/sh;
			shellScript = "diff \"${PODS_PODFILE_DIR_PATH}/Podfile.lock\" \"${PODS_ROOT}/Manifest.lock\" > /dev/null\nif [ $? != 0 ] ; then\n    # print error to STDERR\n    echo \"error: The sandbox is not in sync with the Podfile.lock. Run 'pod install' or update your CocoaPods installation.\" >&2\n    exit 1\nfi\n# This output is used by Xcode 'outputs' to avoid re-running this script phase.\necho \"SUCCESS\" > \"${SCRIPT_OUTPUT_FILE_0}\"\n";
			showEnvVarsInLog = 0;
		};
		61B4DFB56F2C014EC8F33B24 /* [CP] Check Pods Manifest.lock */ = {
			isa = PBXShellScriptBuildPhase;
			buildActionMask = 2147483647;
			files = (
			);
			inputPaths = (
				"${PODS_PODFILE_DIR_PATH}/Podfile.lock",
				"${PODS_ROOT}/Manifest.lock",
			);
			name = "[CP] Check Pods Manifest.lock";
			outputPaths = (
				"$(DERIVED_FILE_DIR)/Pods-AltayerCSTests-checkManifestLockResult.txt",
			);
			runOnlyForDeploymentPostprocessing = 0;
			shellPath = /bin/sh;
			shellScript = "diff \"${PODS_PODFILE_DIR_PATH}/Podfile.lock\" \"${PODS_ROOT}/Manifest.lock\" > /dev/null\nif [ $? != 0 ] ; then\n    # print error to STDERR\n    echo \"error: The sandbox is not in sync with the Podfile.lock. Run 'pod install' or update your CocoaPods installation.\" >&2\n    exit 1\nfi\n# This output is used by Xcode 'outputs' to avoid re-running this script phase.\necho \"SUCCESS\" > \"${SCRIPT_OUTPUT_FILE_0}\"\n";
			showEnvVarsInLog = 0;
		};
		AB5DBC7938DA31A4E859873C /* [CP] Embed Pods Frameworks */ = {
			isa = PBXShellScriptBuildPhase;
			buildActionMask = 2147483647;
			files = (
			);
			inputPaths = (
				"${SRCROOT}/Pods/Target Support Files/Pods-AltayerCS/Pods-AltayerCS-frameworks.sh",
				"${BUILT_PRODUCTS_DIR}/Alamofire/Alamofire.framework",
				"${BUILT_PRODUCTS_DIR}/Kingfisher/Kingfisher.framework",
				"${BUILT_PRODUCTS_DIR}/RxSwift/RxSwift.framework",
			);
			name = "[CP] Embed Pods Frameworks";
			outputPaths = (
				"${TARGET_BUILD_DIR}/${FRAMEWORKS_FOLDER_PATH}/Alamofire.framework",
				"${TARGET_BUILD_DIR}/${FRAMEWORKS_FOLDER_PATH}/Kingfisher.framework",
				"${TARGET_BUILD_DIR}/${FRAMEWORKS_FOLDER_PATH}/RxSwift.framework",
			);
			runOnlyForDeploymentPostprocessing = 0;
			shellPath = /bin/sh;
			shellScript = "\"${SRCROOT}/Pods/Target Support Files/Pods-AltayerCS/Pods-AltayerCS-frameworks.sh\"\n";
			showEnvVarsInLog = 0;
		};
		EC566379A845922B0089CBD6 /* [CP] Check Pods Manifest.lock */ = {
			isa = PBXShellScriptBuildPhase;
			buildActionMask = 2147483647;
			files = (
			);
			inputPaths = (
				"${PODS_PODFILE_DIR_PATH}/Podfile.lock",
				"${PODS_ROOT}/Manifest.lock",
			);
			name = "[CP] Check Pods Manifest.lock";
			outputPaths = (
				"$(DERIVED_FILE_DIR)/Pods-AltayerCS-checkManifestLockResult.txt",
			);
			runOnlyForDeploymentPostprocessing = 0;
			shellPath = /bin/sh;
			shellScript = "diff \"${PODS_PODFILE_DIR_PATH}/Podfile.lock\" \"${PODS_ROOT}/Manifest.lock\" > /dev/null\nif [ $? != 0 ] ; then\n    # print error to STDERR\n    echo \"error: The sandbox is not in sync with the Podfile.lock. Run 'pod install' or update your CocoaPods installation.\" >&2\n    exit 1\nfi\n# This output is used by Xcode 'outputs' to avoid re-running this script phase.\necho \"SUCCESS\" > \"${SCRIPT_OUTPUT_FILE_0}\"\n";
			showEnvVarsInLog = 0;
		};
/* End PBXShellScriptBuildPhase section */

/* Begin PBXSourcesBuildPhase section */
		889E4EE1215920240052CC86 /* Sources */ = {
			isa = PBXSourcesBuildPhase;
			buildActionMask = 2147483647;
			files = (
				889E4F3E215961CD0052CC86 /* StockModel.swift in Sources */,
				889E4F1C2159226E0052CC86 /* ProductsViewController.swift in Sources */,
				881C9E09215AC35100893E8C /* PDImageTableViewCell.swift in Sources */,
				889E4F42215962C10052CC86 /* OptionModel.swift in Sources */,
				88E6F285215B35F300748B9F /* PDAttributeTableViewCell.swift in Sources */,
				881C9E15215ACA5900893E8C /* PDConfigAttributesTableViewCell.swift in Sources */,
				889E4F3A215953C30052CC86 /* PaginationModel.swift in Sources */,
				889E4F1E2159227B0052CC86 /* ProductDetailViewController.swift in Sources */,
				889E4F46215966B00052CC86 /* CarouselModel.swift in Sources */,
				889E4F2721592DF10052CC86 /* BaseRequest.swift in Sources */,
				881C9E4E215AF0E200893E8C /* PDConfigSelectionView.swift in Sources */,
				889E4F38215953AB0052CC86 /* BaseModel.swift in Sources */,
				881C9E53215B09E400893E8C /* PDConfigColorTableViewCell.swift in Sources */,
				889E4F32215945230052CC86 /* ProductsDataService.swift in Sources */,
				881C9E1D215AD44100893E8C /* ProductDetailViewModel.swift in Sources */,
				881C9E1B215AD32A00893E8C /* BaseView.swift in Sources */,
				881C9E002159758000893E8C /* Extensions.swift in Sources */,
				881C9E58215B0EA000893E8C /* PDConfigColorCollectionViewCell.swift in Sources */,
				889E4EEB215920240052CC86 /* BaseViewController.swift in Sources */,
				88E6F287215B36B200748B9F /* AttributeModel.swift in Sources */,
				889E4F362159537E0052CC86 /* ProductResponseModel.swift in Sources */,
				889E4F3C21595FCD0052CC86 /* MediaModel.swift in Sources */,
				881C9E0F215AC53400893E8C /* PDDescriptionTableViewCell.swift in Sources */,
				88E6F27E215B1BF100748B9F /* PDConfigSizeCollectionViewCell.swift in Sources */,
				889E4F302159447C0052CC86 /* ProductsRequest.swift in Sources */,
				881C9E19215ACF6F00893E8C /* PDAddToBagFooterView.swift in Sources */,
				889E4F29215932780052CC86 /* BaseResponse.swift in Sources */,
				889E4F402159626B0052CC86 /* ConfigurableAttributeModel.swift in Sources */,
				889E4F3421594F920052CC86 /* ProductsResponse.swift in Sources */,
				889E4F4B215970440052CC86 /* ProductCollectionViewCell.swift in Sources */,
				881C9E04215A868600893E8C /* BadgeModel.swift in Sources */,
				889E4F44215963270052CC86 /* AttributeSpecificPropertiesModel.swift in Sources */,
				88E6F279215B1AF800748B9F /* PDConfigSizeTableViewCell.swift in Sources */,
				889E4F2E21593F6A0052CC86 /* Config.swift in Sources */,
				88E6F280215B28A700748B9F /* ProductRequest.swift in Sources */,
				889E4F21215923B60052CC86 /* ProductsViewModel.swift in Sources */,
				889E4EE9215920240052CC86 /* AppDelegate.swift in Sources */,
			);
			runOnlyForDeploymentPostprocessing = 0;
		};
		889E4EF5215920260052CC86 /* Sources */ = {
			isa = PBXSourcesBuildPhase;
			buildActionMask = 2147483647;
			files = (
				881C9E02215A75F600893E8C /* ProductsViewModelTests.swift in Sources */,
				889E4EFE215920260052CC86 /* AltayerCSTests.swift in Sources */,
			);
			runOnlyForDeploymentPostprocessing = 0;
		};
		889E4F00215920260052CC86 /* Sources */ = {
			isa = PBXSourcesBuildPhase;
			buildActionMask = 2147483647;
			files = (
				889E4F09215920260052CC86 /* AltayerCSUITests.swift in Sources */,
			);
			runOnlyForDeploymentPostprocessing = 0;
		};
/* End PBXSourcesBuildPhase section */

/* Begin PBXTargetDependency section */
		889E4EFB215920260052CC86 /* PBXTargetDependency */ = {
			isa = PBXTargetDependency;
			target = 889E4EE4215920240052CC86 /* AltayerCS */;
			targetProxy = 889E4EFA215920260052CC86 /* PBXContainerItemProxy */;
		};
		889E4F06215920260052CC86 /* PBXTargetDependency */ = {
			isa = PBXTargetDependency;
			target = 889E4EE4215920240052CC86 /* AltayerCS */;
			targetProxy = 889E4F05215920260052CC86 /* PBXContainerItemProxy */;
		};
/* End PBXTargetDependency section */

/* Begin PBXVariantGroup section */
		889E4EEC215920240052CC86 /* Main.storyboard */ = {
			isa = PBXVariantGroup;
			children = (
				889E4EED215920240052CC86 /* Base */,
			);
			name = Main.storyboard;
			sourceTree = "<group>";
		};
		889E4EF1215920250052CC86 /* LaunchScreen.storyboard */ = {
			isa = PBXVariantGroup;
			children = (
				889E4EF2215920250052CC86 /* Base */,
			);
			name = LaunchScreen.storyboard;
			sourceTree = "<group>";
		};
/* End PBXVariantGroup section */

/* Begin XCBuildConfiguration section */
		889E4F0B215920260052CC86 /* Debug */ = {
			isa = XCBuildConfiguration;
			buildSettings = {
				ALWAYS_SEARCH_USER_PATHS = NO;
				CLANG_ANALYZER_NONNULL = YES;
				CLANG_ANALYZER_NUMBER_OBJECT_CONVERSION = YES_AGGRESSIVE;
				CLANG_CXX_LANGUAGE_STANDARD = "gnu++14";
				CLANG_CXX_LIBRARY = "libc++";
				CLANG_ENABLE_MODULES = YES;
				CLANG_ENABLE_OBJC_ARC = YES;
				CLANG_ENABLE_OBJC_WEAK = YES;
				CLANG_WARN_BLOCK_CAPTURE_AUTORELEASING = YES;
				CLANG_WARN_BOOL_CONVERSION = YES;
				CLANG_WARN_COMMA = YES;
				CLANG_WARN_CONSTANT_CONVERSION = YES;
				CLANG_WARN_DEPRECATED_OBJC_IMPLEMENTATIONS = YES;
				CLANG_WARN_DIRECT_OBJC_ISA_USAGE = YES_ERROR;
				CLANG_WARN_DOCUMENTATION_COMMENTS = YES;
				CLANG_WARN_EMPTY_BODY = YES;
				CLANG_WARN_ENUM_CONVERSION = YES;
				CLANG_WARN_INFINITE_RECURSION = YES;
				CLANG_WARN_INT_CONVERSION = YES;
				CLANG_WARN_NON_LITERAL_NULL_CONVERSION = YES;
				CLANG_WARN_OBJC_IMPLICIT_RETAIN_SELF = YES;
				CLANG_WARN_OBJC_LITERAL_CONVERSION = YES;
				CLANG_WARN_OBJC_ROOT_CLASS = YES_ERROR;
				CLANG_WARN_RANGE_LOOP_ANALYSIS = YES;
				CLANG_WARN_STRICT_PROTOTYPES = YES;
				CLANG_WARN_SUSPICIOUS_MOVE = YES;
				CLANG_WARN_UNGUARDED_AVAILABILITY = YES_AGGRESSIVE;
				CLANG_WARN_UNREACHABLE_CODE = YES;
				CLANG_WARN__DUPLICATE_METHOD_MATCH = YES;
				CODE_SIGN_IDENTITY = "iPhone Developer";
				COPY_PHASE_STRIP = NO;
				DEBUG_INFORMATION_FORMAT = dwarf;
				ENABLE_STRICT_OBJC_MSGSEND = YES;
				ENABLE_TESTABILITY = YES;
				GCC_C_LANGUAGE_STANDARD = gnu11;
				GCC_DYNAMIC_NO_PIC = NO;
				GCC_NO_COMMON_BLOCKS = YES;
				GCC_OPTIMIZATION_LEVEL = 0;
				GCC_PREPROCESSOR_DEFINITIONS = (
					"DEBUG=1",
					"$(inherited)",
				);
				GCC_WARN_64_TO_32_BIT_CONVERSION = YES;
				GCC_WARN_ABOUT_RETURN_TYPE = YES_ERROR;
				GCC_WARN_UNDECLARED_SELECTOR = YES;
				GCC_WARN_UNINITIALIZED_AUTOS = YES_AGGRESSIVE;
				GCC_WARN_UNUSED_FUNCTION = YES;
				GCC_WARN_UNUSED_VARIABLE = YES;
				IPHONEOS_DEPLOYMENT_TARGET = 12.0;
				MTL_ENABLE_DEBUG_INFO = INCLUDE_SOURCE;
				MTL_FAST_MATH = YES;
				ONLY_ACTIVE_ARCH = YES;
				SDKROOT = iphoneos;
				SWIFT_ACTIVE_COMPILATION_CONDITIONS = DEBUG;
				SWIFT_OPTIMIZATION_LEVEL = "-Onone";
			};
			name = Debug;
		};
		889E4F0C215920260052CC86 /* Release */ = {
			isa = XCBuildConfiguration;
			buildSettings = {
				ALWAYS_SEARCH_USER_PATHS = NO;
				CLANG_ANALYZER_NONNULL = YES;
				CLANG_ANALYZER_NUMBER_OBJECT_CONVERSION = YES_AGGRESSIVE;
				CLANG_CXX_LANGUAGE_STANDARD = "gnu++14";
				CLANG_CXX_LIBRARY = "libc++";
				CLANG_ENABLE_MODULES = YES;
				CLANG_ENABLE_OBJC_ARC = YES;
				CLANG_ENABLE_OBJC_WEAK = YES;
				CLANG_WARN_BLOCK_CAPTURE_AUTORELEASING = YES;
				CLANG_WARN_BOOL_CONVERSION = YES;
				CLANG_WARN_COMMA = YES;
				CLANG_WARN_CONSTANT_CONVERSION = YES;
				CLANG_WARN_DEPRECATED_OBJC_IMPLEMENTATIONS = YES;
				CLANG_WARN_DIRECT_OBJC_ISA_USAGE = YES_ERROR;
				CLANG_WARN_DOCUMENTATION_COMMENTS = YES;
				CLANG_WARN_EMPTY_BODY = YES;
				CLANG_WARN_ENUM_CONVERSION = YES;
				CLANG_WARN_INFINITE_RECURSION = YES;
				CLANG_WARN_INT_CONVERSION = YES;
				CLANG_WARN_NON_LITERAL_NULL_CONVERSION = YES;
				CLANG_WARN_OBJC_IMPLICIT_RETAIN_SELF = YES;
				CLANG_WARN_OBJC_LITERAL_CONVERSION = YES;
				CLANG_WARN_OBJC_ROOT_CLASS = YES_ERROR;
				CLANG_WARN_RANGE_LOOP_ANALYSIS = YES;
				CLANG_WARN_STRICT_PROTOTYPES = YES;
				CLANG_WARN_SUSPICIOUS_MOVE = YES;
				CLANG_WARN_UNGUARDED_AVAILABILITY = YES_AGGRESSIVE;
				CLANG_WARN_UNREACHABLE_CODE = YES;
				CLANG_WARN__DUPLICATE_METHOD_MATCH = YES;
				CODE_SIGN_IDENTITY = "iPhone Developer";
				COPY_PHASE_STRIP = NO;
				DEBUG_INFORMATION_FORMAT = "dwarf-with-dsym";
				ENABLE_NS_ASSERTIONS = NO;
				ENABLE_STRICT_OBJC_MSGSEND = YES;
				GCC_C_LANGUAGE_STANDARD = gnu11;
				GCC_NO_COMMON_BLOCKS = YES;
				GCC_WARN_64_TO_32_BIT_CONVERSION = YES;
				GCC_WARN_ABOUT_RETURN_TYPE = YES_ERROR;
				GCC_WARN_UNDECLARED_SELECTOR = YES;
				GCC_WARN_UNINITIALIZED_AUTOS = YES_AGGRESSIVE;
				GCC_WARN_UNUSED_FUNCTION = YES;
				GCC_WARN_UNUSED_VARIABLE = YES;
				IPHONEOS_DEPLOYMENT_TARGET = 12.0;
				MTL_ENABLE_DEBUG_INFO = NO;
				MTL_FAST_MATH = YES;
				SDKROOT = iphoneos;
				SWIFT_COMPILATION_MODE = wholemodule;
				SWIFT_OPTIMIZATION_LEVEL = "-O";
				VALIDATE_PRODUCT = YES;
			};
			name = Release;
		};
		889E4F0E215920260052CC86 /* Debug */ = {
			isa = XCBuildConfiguration;
			baseConfigurationReference = 3ACE61BD0BD254EAA24348C8 /* Pods-AltayerCS.debug.xcconfig */;
			buildSettings = {
				ASSETCATALOG_COMPILER_APPICON_NAME = AppIcon;
				CODE_SIGN_STYLE = Automatic;
				DEVELOPMENT_TEAM = J32736CL8V;
				INFOPLIST_FILE = AltayerCS/Info.plist;
				IPHONEOS_DEPLOYMENT_TARGET = 10.0;
				LD_RUNPATH_SEARCH_PATHS = (
					"$(inherited)",
					"@executable_path/Frameworks",
				);
				PRODUCT_BUNDLE_IDENTIFIER = com.miletli.altayercasestudy;
				PRODUCT_NAME = "$(TARGET_NAME)";
				SWIFT_VERSION = 4.0;
				TARGETED_DEVICE_FAMILY = "1,2";
			};
			name = Debug;
		};
		889E4F0F215920260052CC86 /* Release */ = {
			isa = XCBuildConfiguration;
			baseConfigurationReference = C432565AB7A3C59FE0F8A9F2 /* Pods-AltayerCS.release.xcconfig */;
			buildSettings = {
				ASSETCATALOG_COMPILER_APPICON_NAME = AppIcon;
				CODE_SIGN_STYLE = Automatic;
				DEVELOPMENT_TEAM = J32736CL8V;
				INFOPLIST_FILE = AltayerCS/Info.plist;
				IPHONEOS_DEPLOYMENT_TARGET = 10.0;
				LD_RUNPATH_SEARCH_PATHS = (
					"$(inherited)",
					"@executable_path/Frameworks",
				);
				PRODUCT_BUNDLE_IDENTIFIER = com.miletli.altayercasestudy;
				PRODUCT_NAME = "$(TARGET_NAME)";
				SWIFT_VERSION = 4.0;
				TARGETED_DEVICE_FAMILY = "1,2";
			};
			name = Release;
		};
		889E4F11215920260052CC86 /* Debug */ = {
			isa = XCBuildConfiguration;
			baseConfigurationReference = A5FBFFE9C6F0237893937291 /* Pods-AltayerCSTests.debug.xcconfig */;
			buildSettings = {
				ALWAYS_EMBED_SWIFT_STANDARD_LIBRARIES = YES;
				BUNDLE_LOADER = "$(TEST_HOST)";
				CODE_SIGN_STYLE = Automatic;
				DEVELOPMENT_TEAM = J32736CL8V;
				INFOPLIST_FILE = AltayerCSTests/Info.plist;
				LD_RUNPATH_SEARCH_PATHS = (
					"$(inherited)",
					"@executable_path/Frameworks",
					"@loader_path/Frameworks",
				);
				PRODUCT_BUNDLE_IDENTIFIER = com.miletli.altayercasestudy.AltayerCSTests;
				PRODUCT_NAME = "$(TARGET_NAME)";
				SWIFT_VERSION = 4.2;
				TARGETED_DEVICE_FAMILY = "1,2";
				TEST_HOST = "$(BUILT_PRODUCTS_DIR)/AltayerCS.app/AltayerCS";
			};
			name = Debug;
		};
		889E4F12215920260052CC86 /* Release */ = {
			isa = XCBuildConfiguration;
			baseConfigurationReference = 42EAA723925ADE45C4EC64D4 /* Pods-AltayerCSTests.release.xcconfig */;
			buildSettings = {
				ALWAYS_EMBED_SWIFT_STANDARD_LIBRARIES = YES;
				BUNDLE_LOADER = "$(TEST_HOST)";
				CODE_SIGN_STYLE = Automatic;
				DEVELOPMENT_TEAM = J32736CL8V;
				INFOPLIST_FILE = AltayerCSTests/Info.plist;
				LD_RUNPATH_SEARCH_PATHS = (
					"$(inherited)",
					"@executable_path/Frameworks",
					"@loader_path/Frameworks",
				);
				PRODUCT_BUNDLE_IDENTIFIER = com.miletli.altayercasestudy.AltayerCSTests;
				PRODUCT_NAME = "$(TARGET_NAME)";
				SWIFT_VERSION = 4.2;
				TARGETED_DEVICE_FAMILY = "1,2";
				TEST_HOST = "$(BUILT_PRODUCTS_DIR)/AltayerCS.app/AltayerCS";
			};
			name = Release;
		};
		889E4F14215920260052CC86 /* Debug */ = {
			isa = XCBuildConfiguration;
			baseConfigurationReference = 35E361654E5CDDB676CF10F1 /* Pods-AltayerCSUITests.debug.xcconfig */;
			buildSettings = {
				ALWAYS_EMBED_SWIFT_STANDARD_LIBRARIES = YES;
				CODE_SIGN_STYLE = Automatic;
				DEVELOPMENT_TEAM = J32736CL8V;
				INFOPLIST_FILE = AltayerCSUITests/Info.plist;
				LD_RUNPATH_SEARCH_PATHS = (
					"$(inherited)",
					"@executable_path/Frameworks",
					"@loader_path/Frameworks",
				);
				PRODUCT_BUNDLE_IDENTIFIER = com.miletli.altayercasestudy.AltayerCSUITests;
				PRODUCT_NAME = "$(TARGET_NAME)";
				SWIFT_VERSION = 4.2;
				TARGETED_DEVICE_FAMILY = "1,2";
				TEST_TARGET_NAME = AltayerCS;
			};
			name = Debug;
		};
		889E4F15215920260052CC86 /* Release */ = {
			isa = XCBuildConfiguration;
			baseConfigurationReference = C5D940ED46CD1DBFB6AF954E /* Pods-AltayerCSUITests.release.xcconfig */;
			buildSettings = {
				ALWAYS_EMBED_SWIFT_STANDARD_LIBRARIES = YES;
				CODE_SIGN_STYLE = Automatic;
				DEVELOPMENT_TEAM = J32736CL8V;
				INFOPLIST_FILE = AltayerCSUITests/Info.plist;
				LD_RUNPATH_SEARCH_PATHS = (
					"$(inherited)",
					"@executable_path/Frameworks",
					"@loader_path/Frameworks",
				);
				PRODUCT_BUNDLE_IDENTIFIER = com.miletli.altayercasestudy.AltayerCSUITests;
				PRODUCT_NAME = "$(TARGET_NAME)";
				SWIFT_VERSION = 4.2;
				TARGETED_DEVICE_FAMILY = "1,2";
				TEST_TARGET_NAME = AltayerCS;
			};
			name = Release;
		};
/* End XCBuildConfiguration section */

/* Begin XCConfigurationList section */
		889E4EE0215920240052CC86 /* Build configuration list for PBXProject "AltayerCS" */ = {
			isa = XCConfigurationList;
			buildConfigurations = (
				889E4F0B215920260052CC86 /* Debug */,
				889E4F0C215920260052CC86 /* Release */,
			);
			defaultConfigurationIsVisible = 0;
			defaultConfigurationName = Release;
		};
		889E4F0D215920260052CC86 /* Build configuration list for PBXNativeTarget "AltayerCS" */ = {
			isa = XCConfigurationList;
			buildConfigurations = (
				889E4F0E215920260052CC86 /* Debug */,
				889E4F0F215920260052CC86 /* Release */,
			);
			defaultConfigurationIsVisible = 0;
			defaultConfigurationName = Release;
		};
		889E4F10215920260052CC86 /* Build configuration list for PBXNativeTarget "AltayerCSTests" */ = {
			isa = XCConfigurationList;
			buildConfigurations = (
				889E4F11215920260052CC86 /* Debug */,
				889E4F12215920260052CC86 /* Release */,
			);
			defaultConfigurationIsVisible = 0;
			defaultConfigurationName = Release;
		};
		889E4F13215920260052CC86 /* Build configuration list for PBXNativeTarget "AltayerCSUITests" */ = {
			isa = XCConfigurationList;
			buildConfigurations = (
				889E4F14215920260052CC86 /* Debug */,
				889E4F15215920260052CC86 /* Release */,
			);
			defaultConfigurationIsVisible = 0;
			defaultConfigurationName = Release;
		};
/* End XCConfigurationList section */
	};
	rootObject = 889E4EDD215920240052CC86 /* Project object */;
}
